
Microsoft Visual Studio Solution File, Format Version 12.00
# Visual Studio Version 16
VisualStudioVersion = 16.0.29020.237
MinimumVisualStudioVersion = 10.0.40219.1
Project("{FAE04EC0-301F-11D3-BF4B-00C04F79EFBC}") = "ThreeHousesLibrary", "ThreeHousesLibrary\ThreeHousesLibrary.csproj", "{D3DE374B-B773-459B-AABE-1FEFBCE0C24E}"
EndProject
Global
	GlobalSection(SolutionConfigurationPlatforms) = preSolution
		Debug|Any CPU = Debug|Any CPU
		Release|Any CPU = Release|Any CPU
	EndGlobalSection
	GlobalSection(ProjectConfigurationPlatforms) = postSolution
		{D3DE374B-B773-459B-AABE-1FEFBCE0C24E}.Debug|Any CPU.ActiveCfg = Debug|Any CPU
		{D3DE374B-B773-459B-AABE-1FEFBCE0C24E}.Debug|Any CPU.Build.0 = Debug|Any CPU
		{D3DE374B-B773-459B-AABE-1FEFBCE0C24E}.Release|Any CPU.ActiveCfg = Release|Any CPU
		{D3DE374B-B773-459B-AABE-1FEFBCE0C24E}.Release|Any CPU.Build.0 = Release|Any CPU
	EndGlobalSection
	GlobalSection(SolutionProperties) = preSolution
		HideSolutionNode = FALSE
	EndGlobalSection
	GlobalSection(ExtensibilityGlobals) = postSolution
		SolutionGuid = {76790A70-C0D4-40B8-A3A3-72CD01AF8885}
	EndGlobalSection
EndGlobal
